
Microsoft Visual Studio Solution File, Format Version 12.00
# Visual Studio Version 17
VisualStudioVersion = 17.0.31903.59
MinimumVisualStudioVersion = 10.0.40219.1
Project("{2150E333-8FDC-42A3-9474-1A3956D46DE8}") = "src", "src", "{100E7227-466F-460C-9F7F-D3039A38212B}"
EndProject
Project("{2150E333-8FDC-42A3-9474-1A3956D46DE8}") = "Shared", "Shared", "{07F4B6C8-F129-4846-9A19-AB686105893D}"
EndProject
Project("{FAE04EC0-301F-11D3-BF4B-00C04F79EFBC}") = "DndAI.Shared.Domain", "src\Shared\Domain\DndAI.Shared.Domain.csproj", "{46EFF1BA-3756-452E-931D-412CED30B6F6}"
EndProject
Project("{FAE04EC0-301F-11D3-BF4B-00C04F79EFBC}") = "DndAI.Shared.Infrastructure", "src\Shared\Infrastructure\DndAI.Shared.Infrastructure.csproj", "{0F93F2AD-FCB5-4B0A-B1C9-683AE1CFB364}"
EndProject
Project("{FAE04EC0-301F-11D3-BF4B-00C04F79EFBC}") = "DndAI.Shared.Application", "src\Shared\Application\DndAI.Shared.Application.csproj", "{D903EAAA-F39D-47AE-8804-AABB93EDE2D5}"
EndProject
Project("{2150E333-8FDC-42A3-9474-1A3956D46DE8}") = "Services", "Services", "{B35A9863-CB7E-4E15-88B4-D0FA422E67FE}"
EndProject
Project("{FAE04EC0-301F-11D3-BF4B-00C04F79EFBC}") = "DndAI.Services.Auth", "src\Services\Auth\DndAI.Services.Auth.csproj", "{6C393585-0237-4F09-AB48-0704563F8165}"
EndProject
Project("{FAE04EC0-301F-11D3-BF4B-00C04F79EFBC}") = "DndAI.Services.Campaign", "src\Services\Campaign\DndAI.Services.Campaign.csproj", "{B33F0AA5-C28B-4013-87D4-743DE43BFADC}"
EndProject
Project("{FAE04EC0-301F-11D3-BF4B-00C04F79EFBC}") = "DndAI.Services.Character", "src\Services\Character\DndAI.Services.Character.csproj", "{7F44F0DD-A746-4542-B164-BF57E2CC76B6}"
EndProject
Project("{FAE04EC0-301F-11D3-BF4B-00C04F79EFBC}") = "DndAI.Services.AIGateway", "src\Services\AIGateway\DndAI.Services.AIGateway.csproj", "{5B90A8FD-3E26-489A-A82B-C765D9E00281}"
EndProject
Project("{FAE04EC0-301F-11D3-BF4B-00C04F79EFBC}") = "DndAI.Services.Notification", "src\Services\Notification\DndAI.Services.Notification.csproj", "{AC1D9697-0869-4E0F-83D6-9795F17610F9}"
EndProject
Project("{FAE04EC0-301F-11D3-BF4B-00C04F79EFBC}") = "DndAI.ApiGateway", "src\ApiGateway\DndAI.ApiGateway.csproj", "{2CCF9153-B22B-4817-9D3B-8705CD61D1D1}"
EndProject
Global
	GlobalSection(SolutionConfigurationPlatforms) = preSolution
		Debug|Any CPU = Debug|Any CPU
		Release|Any CPU = Release|Any CPU
	EndGlobalSection
	GlobalSection(SolutionProperties) = preSolution
		HideSolutionNode = FALSE
	EndGlobalSection
	GlobalSection(ProjectConfigurationPlatforms) = postSolution
		{46EFF1BA-3756-452E-931D-412CED30B6F6}.Debug|Any CPU.ActiveCfg = Debug|Any CPU
		{46EFF1BA-3756-452E-931D-412CED30B6F6}.Debug|Any CPU.Build.0 = Debug|Any CPU
		{46EFF1BA-3756-452E-931D-412CED30B6F6}.Release|Any CPU.ActiveCfg = Release|Any CPU
		{46EFF1BA-3756-452E-931D-412CED30B6F6}.Release|Any CPU.Build.0 = Release|Any CPU
		{0F93F2AD-FCB5-4B0A-B1C9-683AE1CFB364}.Debug|Any CPU.ActiveCfg = Debug|Any CPU
		{0F93F2AD-FCB5-4B0A-B1C9-683AE1CFB364}.Debug|Any CPU.Build.0 = Debug|Any CPU
		{0F93F2AD-FCB5-4B0A-B1C9-683AE1CFB364}.Release|Any CPU.ActiveCfg = Release|Any CPU
		{0F93F2AD-FCB5-4B0A-B1C9-683AE1CFB364}.Release|Any CPU.Build.0 = Release|Any CPU
		{D903EAAA-F39D-47AE-8804-AABB93EDE2D5}.Debug|Any CPU.ActiveCfg = Debug|Any CPU
		{D903EAAA-F39D-47AE-8804-AABB93EDE2D5}.Debug|Any CPU.Build.0 = Debug|Any CPU
		{D903EAAA-F39D-47AE-8804-AABB93EDE2D5}.Release|Any CPU.ActiveCfg = Release|Any CPU
		{D903EAAA-F39D-47AE-8804-AABB93EDE2D5}.Release|Any CPU.Build.0 = Release|Any CPU
		{6C393585-0237-4F09-AB48-0704563F8165}.Debug|Any CPU.ActiveCfg = Debug|Any CPU
		{6C393585-0237-4F09-AB48-0704563F8165}.Debug|Any CPU.Build.0 = Debug|Any CPU
		{6C393585-0237-4F09-AB48-0704563F8165}.Release|Any CPU.ActiveCfg = Release|Any CPU
		{6C393585-0237-4F09-AB48-0704563F8165}.Release|Any CPU.Build.0 = Release|Any CPU
		{B33F0AA5-C28B-4013-87D4-743DE43BFADC}.Debug|Any CPU.ActiveCfg = Debug|Any CPU
		{B33F0AA5-C28B-4013-87D4-743DE43BFADC}.Debug|Any CPU.Build.0 = Debug|Any CPU
		{B33F0AA5-C28B-4013-87D4-743DE43BFADC}.Release|Any CPU.ActiveCfg = Release|Any CPU
		{B33F0AA5-C28B-4013-87D4-743DE43BFADC}.Release|Any CPU.Build.0 = Release|Any CPU
		{7F44F0DD-A746-4542-B164-BF57E2CC76B6}.Debug|Any CPU.ActiveCfg = Debug|Any CPU
		{7F44F0DD-A746-4542-B164-BF57E2CC76B6}.Debug|Any CPU.Build.0 = Debug|Any CPU
		{7F44F0DD-A746-4542-B164-BF57E2CC76B6}.Release|Any CPU.ActiveCfg = Release|Any CPU
		{7F44F0DD-A746-4542-B164-BF57E2CC76B6}.Release|Any CPU.Build.0 = Release|Any CPU
		{5B90A8FD-3E26-489A-A82B-C765D9E00281}.Debug|Any CPU.ActiveCfg = Debug|Any CPU
		{5B90A8FD-3E26-489A-A82B-C765D9E00281}.Debug|Any CPU.Build.0 = Debug|Any CPU
		{5B90A8FD-3E26-489A-A82B-C765D9E00281}.Release|Any CPU.ActiveCfg = Release|Any CPU
		{5B90A8FD-3E26-489A-A82B-C765D9E00281}.Release|Any CPU.Build.0 = Release|Any CPU
		{AC1D9697-0869-4E0F-83D6-9795F17610F9}.Debug|Any CPU.ActiveCfg = Debug|Any CPU
		{AC1D9697-0869-4E0F-83D6-9795F17610F9}.Debug|Any CPU.Build.0 = Debug|Any CPU
		{AC1D9697-0869-4E0F-83D6-9795F17610F9}.Release|Any CPU.ActiveCfg = Release|Any CPU
		{AC1D9697-0869-4E0F-83D6-9795F17610F9}.Release|Any CPU.Build.0 = Release|Any CPU
		{2CCF9153-B22B-4817-9D3B-8705CD61D1D1}.Debug|Any CPU.ActiveCfg = Debug|Any CPU
		{2CCF9153-B22B-4817-9D3B-8705CD61D1D1}.Debug|Any CPU.Build.0 = Debug|Any CPU
		{2CCF9153-B22B-4817-9D3B-8705CD61D1D1}.Release|Any CPU.ActiveCfg = Release|Any CPU
		{2CCF9153-B22B-4817-9D3B-8705CD61D1D1}.Release|Any CPU.Build.0 = Release|Any CPU
	EndGlobalSection
	GlobalSection(NestedProjects) = preSolution
		{07F4B6C8-F129-4846-9A19-AB686105893D} = {100E7227-466F-460C-9F7F-D3039A38212B}
		{46EFF1BA-3756-452E-931D-412CED30B6F6} = {07F4B6C8-F129-4846-9A19-AB686105893D}
		{0F93F2AD-FCB5-4B0A-B1C9-683AE1CFB364} = {07F4B6C8-F129-4846-9A19-AB686105893D}
		{D903EAAA-F39D-47AE-8804-AABB93EDE2D5} = {07F4B6C8-F129-4846-9A19-AB686105893D}
		{B35A9863-CB7E-4E15-88B4-D0FA422E67FE} = {100E7227-466F-460C-9F7F-D3039A38212B}
		{6C393585-0237-4F09-AB48-0704563F8165} = {B35A9863-CB7E-4E15-88B4-D0FA422E67FE}
		{B33F0AA5-C28B-4013-87D4-743DE43BFADC} = {B35A9863-CB7E-4E15-88B4-D0FA422E67FE}
		{7F44F0DD-A746-4542-B164-BF57E2CC76B6} = {B35A9863-CB7E-4E15-88B4-D0FA422E67FE}
		{5B90A8FD-3E26-489A-A82B-C765D9E00281} = {B35A9863-CB7E-4E15-88B4-D0FA422E67FE}
		{AC1D9697-0869-4E0F-83D6-9795F17610F9} = {B35A9863-CB7E-4E15-88B4-D0FA422E67FE}
		{2CCF9153-B22B-4817-9D3B-8705CD61D1D1} = {100E7227-466F-460C-9F7F-D3039A38212B}
	EndGlobalSection
EndGlobal
